// !$*UTF8*$!
{
	archiveVersion = 1;
	classes = {
	};
	objectVersion = 50;
	objects = {

/* Begin PBXBuildFile section */
		8A398299216709B200FE3E15 /* Utilities.swift in Sources */ = {isa = PBXBuildFile; fileRef = 8A398298216709B200FE3E15 /* Utilities.swift */; };
		8AD9AA97216701BD00B6F8DA /* MainWindowController.swift in Sources */ = {isa = PBXBuildFile; fileRef = 8AD9AA96216701BD00B6F8DA /* MainWindowController.swift */; };
		8AE7F8F521664A1500DA2FD2 /* AppDelegate.swift in Sources */ = {isa = PBXBuildFile; fileRef = 8AE7F8F421664A1500DA2FD2 /* AppDelegate.swift */; };
		8AE7F8F721664A1500DA2FD2 /* MainViewController.swift in Sources */ = {isa = PBXBuildFile; fileRef = 8AE7F8F621664A1500DA2FD2 /* MainViewController.swift */; };
		8AE7F8F921664A1500DA2FD2 /* Document.swift in Sources */ = {isa = PBXBuildFile; fileRef = 8AE7F8F821664A1500DA2FD2 /* Document.swift */; };
		8AE7F8FB21664A1600DA2FD2 /* Assets.xcassets in Resources */ = {isa = PBXBuildFile; fileRef = 8AE7F8FA21664A1600DA2FD2 /* Assets.xcassets */; };
		8AE7F8FE21664A1600DA2FD2 /* Main.storyboard in Resources */ = {isa = PBXBuildFile; fileRef = 8AE7F8FC21664A1600DA2FD2 /* Main.storyboard */; };
		8AE7F90721664D8000DA2FD2 /* TransparentWindowController.swift in Sources */ = {isa = PBXBuildFile; fileRef = 8AE7F90621664D8000DA2FD2 /* TransparentWindowController.swift */; };
		8AEA967521675D1300B84329 /* DisplayerViewController.swift in Sources */ = {isa = PBXBuildFile; fileRef = 8AEA967421675D1300B84329 /* DisplayerViewController.swift */; };
		95297F73CF9E4FD1706BC4D7 /* Pods_title_displayer.framework in Frameworks */ = {isa = PBXBuildFile; fileRef = A6EC6C1160FF34B92A063F39 /* Pods_title_displayer.framework */; };
/* End PBXBuildFile section */

/* Begin PBXFileReference section */
		8A398298216709B200FE3E15 /* Utilities.swift */ = {isa = PBXFileReference; lastKnownFileType = sourcecode.swift; path = Utilities.swift; sourceTree = "<group>"; };
		8AD9AA96216701BD00B6F8DA /* MainWindowController.swift */ = {isa = PBXFileReference; lastKnownFileType = sourcecode.swift; path = MainWindowController.swift; sourceTree = "<group>"; };
		8AE7F8F121664A1500DA2FD2 /* title-displayer.app */ = {isa = PBXFileReference; explicitFileType = wrapper.application; includeInIndex = 0; path = "title-displayer.app"; sourceTree = BUILT_PRODUCTS_DIR; };
		8AE7F8F421664A1500DA2FD2 /* AppDelegate.swift */ = {isa = PBXFileReference; lastKnownFileType = sourcecode.swift; path = AppDelegate.swift; sourceTree = "<group>"; };
		8AE7F8F621664A1500DA2FD2 /* MainViewController.swift */ = {isa = PBXFileReference; lastKnownFileType = sourcecode.swift; path = MainViewController.swift; sourceTree = "<group>"; };
		8AE7F8F821664A1500DA2FD2 /* Document.swift */ = {isa = PBXFileReference; lastKnownFileType = sourcecode.swift; path = Document.swift; sourceTree = "<group>"; };
		8AE7F8FA21664A1600DA2FD2 /* Assets.xcassets */ = {isa = PBXFileReference; lastKnownFileType = folder.assetcatalog; path = Assets.xcassets; sourceTree = "<group>"; };
		8AE7F8FD21664A1600DA2FD2 /* Base */ = {isa = PBXFileReference; lastKnownFileType = file.storyboard; name = Base; path = Base.lproj/Main.storyboard; sourceTree = "<group>"; };
		8AE7F8FF21664A1600DA2FD2 /* Info.plist */ = {isa = PBXFileReference; lastKnownFileType = text.plist.xml; path = Info.plist; sourceTree = "<group>"; };
		8AE7F90021664A1600DA2FD2 /* title_displayer.entitlements */ = {isa = PBXFileReference; lastKnownFileType = text.plist.entitlements; path = title_displayer.entitlements; sourceTree = "<group>"; };
		8AE7F90621664D8000DA2FD2 /* TransparentWindowController.swift */ = {isa = PBXFileReference; lastKnownFileType = sourcecode.swift; path = TransparentWindowController.swift; sourceTree = "<group>"; };
		8AEA967421675D1300B84329 /* DisplayerViewController.swift */ = {isa = PBXFileReference; lastKnownFileType = sourcecode.swift; path = DisplayerViewController.swift; sourceTree = "<group>"; };
		A6EC6C1160FF34B92A063F39 /* Pods_title_displayer.framework */ = {isa = PBXFileReference; explicitFileType = wrapper.framework; includeInIndex = 0; path = Pods_title_displayer.framework; sourceTree = BUILT_PRODUCTS_DIR; };
		BA3BE4FFB2ED0509F5DA30CC /* Pods-title-displayer.debug.xcconfig */ = {isa = PBXFileReference; includeInIndex = 1; lastKnownFileType = text.xcconfig; name = "Pods-title-displayer.debug.xcconfig"; path = "Pods/Target Support Files/Pods-title-displayer/Pods-title-displayer.debug.xcconfig"; sourceTree = "<group>"; };
		E0792E85006CE22EAF7A6190 /* Pods-title-displayer.release.xcconfig */ = {isa = PBXFileReference; includeInIndex = 1; lastKnownFileType = text.xcconfig; name = "Pods-title-displayer.release.xcconfig"; path = "Pods/Target Support Files/Pods-title-displayer/Pods-title-displayer.release.xcconfig"; sourceTree = "<group>"; };
/* End PBXFileReference section */

/* Begin PBXFrameworksBuildPhase section */
		8AE7F8EE21664A1500DA2FD2 /* Frameworks */ = {
			isa = PBXFrameworksBuildPhase;
			buildActionMask = 2147483647;
			files = (
				95297F73CF9E4FD1706BC4D7 /* Pods_title_displayer.framework in Frameworks */,
			);
			runOnlyForDeploymentPostprocessing = 0;
		};
/* End PBXFrameworksBuildPhase section */

/* Begin PBXGroup section */
		85B5285C2D1B9F6F5BCE506E /* Pods */ = {
			isa = PBXGroup;
			children = (
				BA3BE4FFB2ED0509F5DA30CC /* Pods-title-displayer.debug.xcconfig */,
				E0792E85006CE22EAF7A6190 /* Pods-title-displayer.release.xcconfig */,
			);
			name = Pods;
			sourceTree = "<group>";
		};
		8AD9AA952167019600B6F8DA /* ViewController */ = {
			isa = PBXGroup;
			children = (
				8AD9AA96216701BD00B6F8DA /* MainWindowController.swift */,
				8AE7F90621664D8000DA2FD2 /* TransparentWindowController.swift */,
				8AE7F8F621664A1500DA2FD2 /* MainViewController.swift */,
				8AEA967421675D1300B84329 /* DisplayerViewController.swift */,
			);
			path = ViewController;
			sourceTree = "<group>";
		};
		8AE7F8E821664A1500DA2FD2 = {
			isa = PBXGroup;
			children = (
				8AE7F8F321664A1500DA2FD2 /* title-displayer */,
				8AE7F8F221664A1500DA2FD2 /* Products */,
				85B5285C2D1B9F6F5BCE506E /* Pods */,
				FE0E15B61931A358B01F6DCF /* Frameworks */,
			);
			sourceTree = "<group>";
		};
		8AE7F8F221664A1500DA2FD2 /* Products */ = {
			isa = PBXGroup;
			children = (
				8AE7F8F121664A1500DA2FD2 /* title-displayer.app */,
			);
			name = Products;
			sourceTree = "<group>";
		};
		8AE7F8F321664A1500DA2FD2 /* title-displayer */ = {
			isa = PBXGroup;
			children = (
				8AD9AA952167019600B6F8DA /* ViewController */,
				8AE7F8F421664A1500DA2FD2 /* AppDelegate.swift */,
				8A398298216709B200FE3E15 /* Utilities.swift */,
				8AE7F8F821664A1500DA2FD2 /* Document.swift */,
				8AE7F8FA21664A1600DA2FD2 /* Assets.xcassets */,
				8AE7F8FC21664A1600DA2FD2 /* Main.storyboard */,
				8AE7F8FF21664A1600DA2FD2 /* Info.plist */,
				8AE7F90021664A1600DA2FD2 /* title_displayer.entitlements */,
			);
			path = "title-displayer";
			sourceTree = "<group>";
		};
		FE0E15B61931A358B01F6DCF /* Frameworks */ = {
			isa = PBXGroup;
			children = (
				A6EC6C1160FF34B92A063F39 /* Pods_title_displayer.framework */,
			);
			name = Frameworks;
			sourceTree = "<group>";
		};
/* End PBXGroup section */

/* Begin PBXNativeTarget section */
		8AE7F8F021664A1500DA2FD2 /* title-displayer */ = {
			isa = PBXNativeTarget;
			buildConfigurationList = 8AE7F90321664A1600DA2FD2 /* Build configuration list for PBXNativeTarget "title-displayer" */;
			buildPhases = (
				6996EDB6FF7FE355B802BB5E /* [CP] Check Pods Manifest.lock */,
				8AE7F8ED21664A1500DA2FD2 /* Sources */,
				8AE7F8EE21664A1500DA2FD2 /* Frameworks */,
				8AE7F8EF21664A1500DA2FD2 /* Resources */,
				2823F1C5DE1A42930AB884AC /* [CP] Embed Pods Frameworks */,
			);
			buildRules = (
			);
			dependencies = (
			);
			name = "title-displayer";
			productName = "title-displayer";
			productReference = 8AE7F8F121664A1500DA2FD2 /* title-displayer.app */;
			productType = "com.apple.product-type.application";
		};
/* End PBXNativeTarget section */

/* Begin PBXProject section */
		8AE7F8E921664A1500DA2FD2 /* Project object */ = {
			isa = PBXProject;
			attributes = {
				LastSwiftUpdateCheck = 1000;
				LastUpgradeCheck = 1000;
				ORGANIZATIONNAME = yuxiqian;
				TargetAttributes = {
					8AE7F8F021664A1500DA2FD2 = {
						CreatedOnToolsVersion = 10.0;
					};
				};
			};
			buildConfigurationList = 8AE7F8EC21664A1500DA2FD2 /* Build configuration list for PBXProject "title-displayer" */;
			compatibilityVersion = "Xcode 9.3";
			developmentRegion = en;
			hasScannedForEncodings = 0;
			knownRegions = (
				en,
				Base,
			);
			mainGroup = 8AE7F8E821664A1500DA2FD2;
			productRefGroup = 8AE7F8F221664A1500DA2FD2 /* Products */;
			projectDirPath = "";
			projectRoot = "";
			targets = (
				8AE7F8F021664A1500DA2FD2 /* title-displayer */,
			);
		};
/* End PBXProject section */

/* Begin PBXResourcesBuildPhase section */
		8AE7F8EF21664A1500DA2FD2 /* Resources */ = {
			isa = PBXResourcesBuildPhase;
			buildActionMask = 2147483647;
			files = (
				8AE7F8FB21664A1600DA2FD2 /* Assets.xcassets in Resources */,
				8AE7F8FE21664A1600DA2FD2 /* Main.storyboard in Resources */,
			);
			runOnlyForDeploymentPostprocessing = 0;
		};
/* End PBXResourcesBuildPhase section */

/* Begin PBXShellScriptBuildPhase section */
		2823F1C5DE1A42930AB884AC /* [CP] Embed Pods Frameworks */ = {
			isa = PBXShellScriptBuildPhase;
			buildActionMask = 2147483647;
			files = (
			);
			inputFileListPaths = (
			);
			inputPaths = (
				"${SRCROOT}/Pods/Target Support Files/Pods-title-displayer/Pods-title-displayer-frameworks.sh",
				"${BUILT_PRODUCTS_DIR}/YapAnimator/YapAnimator.framework",
			);
			name = "[CP] Embed Pods Frameworks";
			outputFileListPaths = (
			);
			outputPaths = (
				"${TARGET_BUILD_DIR}/${FRAMEWORKS_FOLDER_PATH}/YapAnimator.framework",
			);
			runOnlyForDeploymentPostprocessing = 0;
			shellPath = /bin/sh;
			shellScript = "\"${SRCROOT}/Pods/Target Support Files/Pods-title-displayer/Pods-title-displayer-frameworks.sh\"\n";
			showEnvVarsInLog = 0;
		};
		6996EDB6FF7FE355B802BB5E /* [CP] Check Pods Manifest.lock */ = {
			isa = PBXShellScriptBuildPhase;
			buildActionMask = 2147483647;
			files = (
			);
			inputFileListPaths = (
			);
			inputPaths = (
				"${PODS_PODFILE_DIR_PATH}/Podfile.lock",
				"${PODS_ROOT}/Manifest.lock",
			);
			name = "[CP] Check Pods Manifest.lock";
			outputFileListPaths = (
			);
			outputPaths = (
				"$(DERIVED_FILE_DIR)/Pods-title-displayer-checkManifestLockResult.txt",
			);
			runOnlyForDeploymentPostprocessing = 0;
			shellPath = /bin/sh;
			shellScript = "diff \"${PODS_PODFILE_DIR_PATH}/Podfile.lock\" \"${PODS_ROOT}/Manifest.lock\" > /dev/null\nif [ $? != 0 ] ; then\n    # print error to STDERR\n    echo \"error: The sandbox is not in sync with the Podfile.lock. Run 'pod install' or update your CocoaPods installation.\" >&2\n    exit 1\nfi\n# This output is used by Xcode 'outputs' to avoid re-running this script phase.\necho \"SUCCESS\" > \"${SCRIPT_OUTPUT_FILE_0}\"\n";
			showEnvVarsInLog = 0;
		};
/* End PBXShellScriptBuildPhase section */

/* Begin PBXSourcesBuildPhase section */
		8AE7F8ED21664A1500DA2FD2 /* Sources */ = {
			isa = PBXSourcesBuildPhase;
			buildActionMask = 2147483647;
			files = (
				8A398299216709B200FE3E15 /* Utilities.swift in Sources */,
				8AE7F8F721664A1500DA2FD2 /* MainViewController.swift in Sources */,
				8AE7F8F521664A1500DA2FD2 /* AppDelegate.swift in Sources */,
				8AE7F90721664D8000DA2FD2 /* TransparentWindowController.swift in Sources */,
				8AEA967521675D1300B84329 /* DisplayerViewController.swift in Sources */,
				8AE7F8F921664A1500DA2FD2 /* Document.swift in Sources */,
				8AD9AA97216701BD00B6F8DA /* MainWindowController.swift in Sources */,
			);
			runOnlyForDeploymentPostprocessing = 0;
		};
/* End PBXSourcesBuildPhase section */

/* Begin PBXVariantGroup section */
		8AE7F8FC21664A1600DA2FD2 /* Main.storyboard */ = {
			isa = PBXVariantGroup;
			children = (
				8AE7F8FD21664A1600DA2FD2 /* Base */,
			);
			name = Main.storyboard;
			sourceTree = "<group>";
		};
/* End PBXVariantGroup section */

/* Begin XCBuildConfiguration section */
		8AE7F90121664A1600DA2FD2 /* Debug */ = {
			isa = XCBuildConfiguration;
			buildSettings = {
				ALWAYS_SEARCH_USER_PATHS = NO;
				CLANG_ANALYZER_NONNULL = YES;
				CLANG_ANALYZER_NUMBER_OBJECT_CONVERSION = YES_AGGRESSIVE;
				CLANG_CXX_LANGUAGE_STANDARD = "gnu++14";
				CLANG_CXX_LIBRARY = "libc++";
				CLANG_ENABLE_MODULES = YES;
				CLANG_ENABLE_OBJC_ARC = YES;
				CLANG_ENABLE_OBJC_WEAK = YES;
				CLANG_WARN_BLOCK_CAPTURE_AUTORELEASING = YES;
				CLANG_WARN_BOOL_CONVERSION = YES;
				CLANG_WARN_COMMA = YES;
				CLANG_WARN_CONSTANT_CONVERSION = YES;
				CLANG_WARN_DEPRECATED_OBJC_IMPLEMENTATIONS = YES;
				CLANG_WARN_DIRECT_OBJC_ISA_USAGE = YES_ERROR;
				CLANG_WARN_DOCUMENTATION_COMMENTS = YES;
				CLANG_WARN_EMPTY_BODY = YES;
				CLANG_WARN_ENUM_CONVERSION = YES;
				CLANG_WARN_INFINITE_RECURSION = YES;
				CLANG_WARN_INT_CONVERSION = YES;
				CLANG_WARN_NON_LITERAL_NULL_CONVERSION = YES;
				CLANG_WARN_OBJC_IMPLICIT_RETAIN_SELF = YES;
				CLANG_WARN_OBJC_LITERAL_CONVERSION = YES;
				CLANG_WARN_OBJC_ROOT_CLASS = YES_ERROR;
				CLANG_WARN_RANGE_LOOP_ANALYSIS = YES;
				CLANG_WARN_STRICT_PROTOTYPES = YES;
				CLANG_WARN_SUSPICIOUS_MOVE = YES;
				CLANG_WARN_UNGUARDED_AVAILABILITY = YES_AGGRESSIVE;
				CLANG_WARN_UNREACHABLE_CODE = YES;
				CLANG_WARN__DUPLICATE_METHOD_MATCH = YES;
				CODE_SIGN_IDENTITY = "Mac Developer";
				COPY_PHASE_STRIP = NO;
				DEBUG_INFORMATION_FORMAT = dwarf;
				ENABLE_STRICT_OBJC_MSGSEND = YES;
				ENABLE_TESTABILITY = YES;
				GCC_C_LANGUAGE_STANDARD = gnu11;
				GCC_DYNAMIC_NO_PIC = NO;
				GCC_NO_COMMON_BLOCKS = YES;
				GCC_OPTIMIZATION_LEVEL = 0;
				GCC_PREPROCESSOR_DEFINITIONS = (
					"DEBUG=1",
					"$(inherited)",
				);
				GCC_WARN_64_TO_32_BIT_CONVERSION = YES;
				GCC_WARN_ABOUT_RETURN_TYPE = YES_ERROR;
				GCC_WARN_UNDECLARED_SELECTOR = YES;
				GCC_WARN_UNINITIALIZED_AUTOS = YES_AGGRESSIVE;
				GCC_WARN_UNUSED_FUNCTION = YES;
				GCC_WARN_UNUSED_VARIABLE = YES;
				MACOSX_DEPLOYMENT_TARGET = 10.14;
				MTL_ENABLE_DEBUG_INFO = INCLUDE_SOURCE;
				MTL_FAST_MATH = YES;
				ONLY_ACTIVE_ARCH = YES;
				SDKROOT = macosx;
				SWIFT_ACTIVE_COMPILATION_CONDITIONS = DEBUG;
				SWIFT_OPTIMIZATION_LEVEL = "-Onone";
			};
			name = Debug;
		};
		8AE7F90221664A1600DA2FD2 /* Release */ = {
			isa = XCBuildConfiguration;
			buildSettings = {
				ALWAYS_SEARCH_USER_PATHS = NO;
				CLANG_ANALYZER_NONNULL = YES;
				CLANG_ANALYZER_NUMBER_OBJECT_CONVERSION = YES_AGGRESSIVE;
				CLANG_CXX_LANGUAGE_STANDARD = "gnu++14";
				CLANG_CXX_LIBRARY = "libc++";
				CLANG_ENABLE_MODULES = YES;
				CLANG_ENABLE_OBJC_ARC = YES;
				CLANG_ENABLE_OBJC_WEAK = YES;
				CLANG_WARN_BLOCK_CAPTURE_AUTORELEASING = YES;
				CLANG_WARN_BOOL_CONVERSION = YES;
				CLANG_WARN_COMMA = YES;
				CLANG_WARN_CONSTANT_CONVERSION = YES;
				CLANG_WARN_DEPRECATED_OBJC_IMPLEMENTATIONS = YES;
				CLANG_WARN_DIRECT_OBJC_ISA_USAGE = YES_ERROR;
				CLANG_WARN_DOCUMENTATION_COMMENTS = YES;
				CLANG_WARN_EMPTY_BODY = YES;
				CLANG_WARN_ENUM_CONVERSION = YES;
				CLANG_WARN_INFINITE_RECURSION = YES;
				CLANG_WARN_INT_CONVERSION = YES;
				CLANG_WARN_NON_LITERAL_NULL_CONVERSION = YES;
				CLANG_WARN_OBJC_IMPLICIT_RETAIN_SELF = YES;
				CLANG_WARN_OBJC_LITERAL_CONVERSION = YES;
				CLANG_WARN_OBJC_ROOT_CLASS = YES_ERROR;
				CLANG_WARN_RANGE_LOOP_ANALYSIS = YES;
				CLANG_WARN_STRICT_PROTOTYPES = YES;
				CLANG_WARN_SUSPICIOUS_MOVE = YES;
				CLANG_WARN_UNGUARDED_AVAILABILITY = YES_AGGRESSIVE;
				CLANG_WARN_UNREACHABLE_CODE = YES;
				CLANG_WARN__DUPLICATE_METHOD_MATCH = YES;
				CODE_SIGN_IDENTITY = "Mac Developer";
				COPY_PHASE_STRIP = NO;
				DEBUG_INFORMATION_FORMAT = "dwarf-with-dsym";
				ENABLE_NS_ASSERTIONS = NO;
				ENABLE_STRICT_OBJC_MSGSEND = YES;
				GCC_C_LANGUAGE_STANDARD = gnu11;
				GCC_NO_COMMON_BLOCKS = YES;
				GCC_WARN_64_TO_32_BIT_CONVERSION = YES;
				GCC_WARN_ABOUT_RETURN_TYPE = YES_ERROR;
				GCC_WARN_UNDECLARED_SELECTOR = YES;
				GCC_WARN_UNINITIALIZED_AUTOS = YES_AGGRESSIVE;
				GCC_WARN_UNUSED_FUNCTION = YES;
				GCC_WARN_UNUSED_VARIABLE = YES;
				MACOSX_DEPLOYMENT_TARGET = 10.14;
				MTL_ENABLE_DEBUG_INFO = NO;
				MTL_FAST_MATH = YES;
				SDKROOT = macosx;
				SWIFT_COMPILATION_MODE = wholemodule;
				SWIFT_OPTIMIZATION_LEVEL = "-O";
			};
			name = Release;
		};
		8AE7F90421664A1600DA2FD2 /* Debug */ = {
			isa = XCBuildConfiguration;
			baseConfigurationReference = BA3BE4FFB2ED0509F5DA30CC /* Pods-title-displayer.debug.xcconfig */;
			buildSettings = {
				ASSETCATALOG_COMPILER_APPICON_NAME = AppIcon;
				CODE_SIGN_ENTITLEMENTS = "title-displayer/title_displayer.entitlements";
				CODE_SIGN_IDENTITY = "Mac Developer";
				CODE_SIGN_STYLE = Automatic;
				COMBINE_HIDPI_IMAGES = YES;
				DEVELOPMENT_TEAM = 24XARD42BP;
				INFOPLIST_FILE = "title-displayer/Info.plist";
				LD_RUNPATH_SEARCH_PATHS = (
					"$(inherited)",
					"@executable_path/../Frameworks",
				);
				MACOSX_DEPLOYMENT_TARGET = 10.12;
				PRODUCT_BUNDLE_IDENTIFIER = "yuxiqian.title-displayer";
				PRODUCT_NAME = "$(TARGET_NAME)";
				PROVISIONING_PROFILE_SPECIFIER = "";
				SWIFT_VERSION = 4.2;
			};
			name = Debug;
		};
		8AE7F90521664A1600DA2FD2 /* Release */ = {
			isa = XCBuildConfiguration;
			baseConfigurationReference = E0792E85006CE22EAF7A6190 /* Pods-title-displayer.release.xcconfig */;
			buildSettings = {
				ASSETCATALOG_COMPILER_APPICON_NAME = AppIcon;
				CODE_SIGN_ENTITLEMENTS = "title-displayer/title_displayer.entitlements";
				CODE_SIGN_IDENTITY = "Mac Developer";
				CODE_SIGN_STYLE = Automatic;
				COMBINE_HIDPI_IMAGES = YES;
				DEVELOPMENT_TEAM = 24XARD42BP;
				INFOPLIST_FILE = "title-displayer/Info.plist";
				LD_RUNPATH_SEARCH_PATHS = (
					"$(inherited)",
					"@executable_path/../Frameworks",
				);
				MACOSX_DEPLOYMENT_TARGET = 10.12;
				PRODUCT_BUNDLE_IDENTIFIER = "yuxiqian.title-displayer";
				PRODUCT_NAME = "$(TARGET_NAME)";
				PROVISIONING_PROFILE_SPECIFIER = "";
				SWIFT_VERSION = 4.2;
			};
			name = Release;
		};
/* End XCBuildConfiguration section */

/* Begin XCConfigurationList section */
		8AE7F8EC21664A1500DA2FD2 /* Build configuration list for PBXProject "title-displayer" */ = {
			isa = XCConfigurationList;
			buildConfigurations = (
				8AE7F90121664A1600DA2FD2 /* Debug */,
				8AE7F90221664A1600DA2FD2 /* Release */,
			);
			defaultConfigurationIsVisible = 0;
			defaultConfigurationName = Release;
		};
		8AE7F90321664A1600DA2FD2 /* Build configuration list for PBXNativeTarget "title-displayer" */ = {
			isa = XCConfigurationList;
			buildConfigurations = (
				8AE7F90421664A1600DA2FD2 /* Debug */,
				8AE7F90521664A1600DA2FD2 /* Release */,
			);
			defaultConfigurationIsVisible = 0;
			defaultConfigurationName = Release;
		};
/* End XCConfigurationList section */
	};
	rootObject = 8AE7F8E921664A1500DA2FD2 /* Project object */;
}
